
Microsoft Visual Studio Solution File, Format Version 12.00
# Visual Studio Version 17
VisualStudioVersion = 17.12.35707.178 d17.12
MinimumVisualStudioVersion = 10.0.40219.1
Project("{FAE04EC0-301F-11D3-BF4B-00C04F79EFBC}") = "ProgrammingLanguageAPI", "ProgrammingLanguageAPI\ProgrammingLanguageAPI.csproj", "{88E12D73-7327-4E40-AD3D-344E5E64257B}"
EndProject
Project("{FAE04EC0-301F-11D3-BF4B-00C04F79EFBC}") = "ProgrammingLanguage.Data", "ProgrammingLanguage.Data\ProgrammingLanguage.Data.csproj", "{3CB7B12A-4CFB-49A1-AF9B-720CDC65C28E}"
EndProject
Global
	GlobalSection(SolutionConfigurationPlatforms) = preSolution
		Debug|Any CPU = Debug|Any CPU
		Release|Any CPU = Release|Any CPU
	EndGlobalSection
	GlobalSection(ProjectConfigurationPlatforms) = postSolution
		{88E12D73-7327-4E40-AD3D-344E5E64257B}.Debug|Any CPU.ActiveCfg = Debug|Any CPU
		{88E12D73-7327-4E40-AD3D-344E5E64257B}.Debug|Any CPU.Build.0 = Debug|Any CPU
		{88E12D73-7327-4E40-AD3D-344E5E64257B}.Release|Any CPU.ActiveCfg = Release|Any CPU
		{88E12D73-7327-4E40-AD3D-344E5E64257B}.Release|Any CPU.Build.0 = Release|Any CPU
		{3CB7B12A-4CFB-49A1-AF9B-720CDC65C28E}.Debug|Any CPU.ActiveCfg = Debug|Any CPU
		{3CB7B12A-4CFB-49A1-AF9B-720CDC65C28E}.Debug|Any CPU.Build.0 = Debug|Any CPU
		{3CB7B12A-4CFB-49A1-AF9B-720CDC65C28E}.Release|Any CPU.ActiveCfg = Release|Any CPU
		{3CB7B12A-4CFB-49A1-AF9B-720CDC65C28E}.Release|Any CPU.Build.0 = Release|Any CPU
	EndGlobalSection
	GlobalSection(SolutionProperties) = preSolution
		HideSolutionNode = FALSE
	EndGlobalSection
EndGlobal
